{
  "name": "single-package-fixture",
  "lockfileVersion": 3,
  "packages": {
    "": {
      "name": "single-package-fixture",
      "version": "1.0.0",
      "dependencies": {
        "next": "15.5.20",
        "react": "19.2.4",
        "react-dom": "19.2.4"
      },
      "devDependencies": {
        "eslint": "^9.0.0",
        "vitest": "^4.1.10",
        "typescript": "^5.0.0"
      }
    },
    "node_modules/next": {
      "version": "15.5.20"
    },
    "node_modules/vitest": {
      "version": "4.1.10"
    }
  },
  "dependencies": {
    "next": {
      "version": "15.5.20"
    },
    "vitest": {
      "version": "4.1.10"
    }
  }
}
